
Microsoft Visual Studio Solution File, Format Version 12.00
Project("{2150E333-8FDC-42A3-9474-1A3956D46DE8}") = "src", "src", "{D405A2A8-2872-4F1F-9B76-014ED0830386}"
EndProject
Project("{2150E333-8FDC-42A3-9474-1A3956D46DE8}") = "test", "test", "{0B83A972-4B54-4111-BA25-96955401390E}"
EndProject
Project("{2150E333-8FDC-42A3-9474-1A3956D46DE8}") = "Api", "Api", "{259C8030-CB27-4878-9EA4-98F62576F7E5}"
EndProject
Project("{2150E333-8FDC-42A3-9474-1A3956D46DE8}") = "Core", "Core", "{B3BCB94D-DDA3-4617-931A-E934DFCBED5C}"
EndProject
Project("{2150E333-8FDC-42A3-9474-1A3956D46DE8}") = "Infastructure", "Infastructure", "{9F463463-9DD1-4F3C-8257-24E4F9F0E17B}"
EndProject
Project("{2150E333-8FDC-42A3-9474-1A3956D46DE8}") = "Domain", "Domain", "{2F45172E-D55F-455B-8FED-4D8EBD9E6E08}"
EndProject
Project("{2150E333-8FDC-42A3-9474-1A3956D46DE8}") = "Application", "Application", "{C10CE90B-D027-487E-93FC-B45CA0FDAD27}"
EndProject
Project("{FAE04EC0-301F-11D3-BF4B-00C04F79EFBC}") = "PageCome.Api.Demain", "PageCome.Api.Demain\PageCome.Api.Demain.csproj", "{6E3586E5-C958-40EC-A204-B2A40FFE85C6}"
EndProject
Project("{FAE04EC0-301F-11D3-BF4B-00C04F79EFBC}") = "PageCom.Api.Application", "PageCom.Api.Application\PageCom.Api.Application.csproj", "{F42E4B14-A7BE-4BC6-96C2-D1937A039957}"
EndProject
Project("{2150E333-8FDC-42A3-9474-1A3956D46DE8}") = "data", "data", "{1A95E59C-EC07-4E82-BCB5-6018627A9705}"
EndProject
Project("{2150E333-8FDC-42A3-9474-1A3956D46DE8}") = "infa", "infa", "{43AB8899-7717-4576-88D8-DE1927A058E3}"
EndProject
Project("{FAE04EC0-301F-11D3-BF4B-00C04F79EFBC}") = "pageCom.api.Data", "pageCom.api.Data\pageCom.api.Data.csproj", "{54E91FA4-004C-4D78-B0EB-E87DECFC06AE}"
EndProject
Global
	GlobalSection(SolutionConfigurationPlatforms) = preSolution
		Debug|Any CPU = Debug|Any CPU
		Release|Any CPU = Release|Any CPU
	EndGlobalSection
	GlobalSection(NestedProjects) = preSolution
		{259C8030-CB27-4878-9EA4-98F62576F7E5} = {D405A2A8-2872-4F1F-9B76-014ED0830386}
		{B3BCB94D-DDA3-4617-931A-E934DFCBED5C} = {D405A2A8-2872-4F1F-9B76-014ED0830386}
		{9F463463-9DD1-4F3C-8257-24E4F9F0E17B} = {D405A2A8-2872-4F1F-9B76-014ED0830386}
		{2F45172E-D55F-455B-8FED-4D8EBD9E6E08} = {B3BCB94D-DDA3-4617-931A-E934DFCBED5C}
		{C10CE90B-D027-487E-93FC-B45CA0FDAD27} = {B3BCB94D-DDA3-4617-931A-E934DFCBED5C}
		{6E3586E5-C958-40EC-A204-B2A40FFE85C6} = {2F45172E-D55F-455B-8FED-4D8EBD9E6E08}
		{F42E4B14-A7BE-4BC6-96C2-D1937A039957} = {C10CE90B-D027-487E-93FC-B45CA0FDAD27}
		{1A95E59C-EC07-4E82-BCB5-6018627A9705} = {9F463463-9DD1-4F3C-8257-24E4F9F0E17B}
		{43AB8899-7717-4576-88D8-DE1927A058E3} = {9F463463-9DD1-4F3C-8257-24E4F9F0E17B}
		{54E91FA4-004C-4D78-B0EB-E87DECFC06AE} = {1A95E59C-EC07-4E82-BCB5-6018627A9705}
	EndGlobalSection
	GlobalSection(ProjectConfigurationPlatforms) = postSolution
		{6E3586E5-C958-40EC-A204-B2A40FFE85C6}.Debug|Any CPU.ActiveCfg = Debug|Any CPU
		{6E3586E5-C958-40EC-A204-B2A40FFE85C6}.Debug|Any CPU.Build.0 = Debug|Any CPU
		{6E3586E5-C958-40EC-A204-B2A40FFE85C6}.Release|Any CPU.ActiveCfg = Release|Any CPU
		{6E3586E5-C958-40EC-A204-B2A40FFE85C6}.Release|Any CPU.Build.0 = Release|Any CPU
		{F42E4B14-A7BE-4BC6-96C2-D1937A039957}.Debug|Any CPU.ActiveCfg = Debug|Any CPU
		{F42E4B14-A7BE-4BC6-96C2-D1937A039957}.Debug|Any CPU.Build.0 = Debug|Any CPU
		{F42E4B14-A7BE-4BC6-96C2-D1937A039957}.Release|Any CPU.ActiveCfg = Release|Any CPU
		{F42E4B14-A7BE-4BC6-96C2-D1937A039957}.Release|Any CPU.Build.0 = Release|Any CPU
		{54E91FA4-004C-4D78-B0EB-E87DECFC06AE}.Debug|Any CPU.ActiveCfg = Debug|Any CPU
		{54E91FA4-004C-4D78-B0EB-E87DECFC06AE}.Debug|Any CPU.Build.0 = Debug|Any CPU
		{54E91FA4-004C-4D78-B0EB-E87DECFC06AE}.Release|Any CPU.ActiveCfg = Release|Any CPU
		{54E91FA4-004C-4D78-B0EB-E87DECFC06AE}.Release|Any CPU.Build.0 = Release|Any CPU
	EndGlobalSection
EndGlobal
